
Microsoft Visual Studio Solution File, Format Version 12.00
# Visual Studio 15
VisualStudioVersion = 15.0.28307.902
MinimumVisualStudioVersion = 10.0.40219.1
Project("{FAE04EC0-301F-11D3-BF4B-00C04F79EFBC}") = "RestAPIAutomation", "RestAPIAutomation\RestAPIAutomation.csproj", "{2EB1D1E7-D63A-4DCE-B4DF-16C697AC0D19}"
EndProject
Global
	GlobalSection(SolutionConfigurationPlatforms) = preSolution
		Debug|Any CPU = Debug|Any CPU
		Release|Any CPU = Release|Any CPU
	EndGlobalSection
	GlobalSection(ProjectConfigurationPlatforms) = postSolution
		{2EB1D1E7-D63A-4DCE-B4DF-16C697AC0D19}.Debug|Any CPU.ActiveCfg = Debug|Any CPU
		{2EB1D1E7-D63A-4DCE-B4DF-16C697AC0D19}.Debug|Any CPU.Build.0 = Debug|Any CPU
		{2EB1D1E7-D63A-4DCE-B4DF-16C697AC0D19}.Release|Any CPU.ActiveCfg = Release|Any CPU
		{2EB1D1E7-D63A-4DCE-B4DF-16C697AC0D19}.Release|Any CPU.Build.0 = Release|Any CPU
	EndGlobalSection
	GlobalSection(SolutionProperties) = preSolution
		HideSolutionNode = FALSE
	EndGlobalSection
	GlobalSection(ExtensibilityGlobals) = postSolution
		SolutionGuid = {03BACF1B-F0E9-4252-8EC0-D94AEF8A4B06}
	EndGlobalSection
EndGlobal
